{
  "pins" : [
    {
      "identity" : "sfsafesymbols",
      "kind" : "remoteSourceControl",
      "location" : "https://github.com/SFSafeSymbols/SFSafeSymbols",
      "state" : {
        "revision" : "7cca2d60925876b5953a2cf7341cd80fbeac983c",
        "version" : "4.1.1"
      }
    },
    {
      "identity" : "snapkit",
      "kind" : "remoteSourceControl",
      "location" : "https://github.com/SnapKit/SnapKit",
      "state" : {
        "revision" : "f222cbdf325885926566172f6f5f06af95473158",
        "version" : "5.6.0"
      }
    }
  ],
  "version" : 2
}
